// !$*UTF8*$!
{
	archiveVersion = 1;
	classes = {
	};
	objectVersion = 51;
	objects = {

/* Begin PBXBuildFile section */
		2D8CFB97253AB49800D437F7 /* AppDelegate.swift in Sources */ = {isa = PBXBuildFile; fileRef = 2D8CFB96253AB49800D437F7 /* AppDelegate.swift */; };
		2D8CFB99253AB49800D437F7 /* SceneDelegate.swift in Sources */ = {isa = PBXBuildFile; fileRef = 2D8CFB98253AB49800D437F7 /* SceneDelegate.swift */; };
		2D8CFB9B253AB49800D437F7 /* ViewController.swift in Sources */ = {isa = PBXBuildFile; fileRef = 2D8CFB9A253AB49800D437F7 /* ViewController.swift */; };
		2D8CFB9E253AB49800D437F7 /* Main.storyboard in Resources */ = {isa = PBXBuildFile; fileRef = 2D8CFB9C253AB49800D437F7 /* Main.storyboard */; };
		2D8CFBA0253AB49900D437F7 /* Assets.xcassets in Resources */ = {isa = PBXBuildFile; fileRef = 2D8CFB9F253AB49900D437F7 /* Assets.xcassets */; };
		2D8CFBA3253AB49900D437F7 /* LaunchScreen.storyboard in Resources */ = {isa = PBXBuildFile; fileRef = 2D8CFBA1253AB49900D437F7 /* LaunchScreen.storyboard */; };
		2D8CFBAE253AE22400D437F7 /* APIClient.swift in Sources */ = {isa = PBXBuildFile; fileRef = 2D8CFBAD253AE22400D437F7 /* APIClient.swift */; };
		2D8CFBB0253AE23600D437F7 /* APIRequest.swift in Sources */ = {isa = PBXBuildFile; fileRef = 2D8CFBAF253AE23600D437F7 /* APIRequest.swift */; };
		2D8CFBB2253AE25200D437F7 /* AppStoreRequest.swift in Sources */ = {isa = PBXBuildFile; fileRef = 2D8CFBB1253AE25200D437F7 /* AppStoreRequest.swift */; };
		2D8CFBB5253AE69100D437F7 /* UIView.swift in Sources */ = {isa = PBXBuildFile; fileRef = 2D8CFBB4253AE69100D437F7 /* UIView.swift */; };
		2D8CFBB7253AE6A700D437F7 /* UIImageView.swift in Sources */ = {isa = PBXBuildFile; fileRef = 2D8CFBB6253AE6A700D437F7 /* UIImageView.swift */; };
		2D8CFBB9253AE72B00D437F7 /* ImageCache.swift in Sources */ = {isa = PBXBuildFile; fileRef = 2D8CFBB8253AE72B00D437F7 /* ImageCache.swift */; };
		2D8CFBBB253AE85A00D437F7 /* AppInfo.swift in Sources */ = {isa = PBXBuildFile; fileRef = 2D8CFBBA253AE85A00D437F7 /* AppInfo.swift */; };
		2D8CFBC0253AEE1B00D437F7 /* AppStoreViewModel.swift in Sources */ = {isa = PBXBuildFile; fileRef = 2D8CFBBF253AEE1B00D437F7 /* AppStoreViewModel.swift */; };
		2D8CFBC2253AF07900D437F7 /* AppInfoCell.swift in Sources */ = {isa = PBXBuildFile; fileRef = 2D8CFBC1253AF07900D437F7 /* AppInfoCell.swift */; };
/* End PBXBuildFile section */

/* Begin PBXFileReference section */
		2D8CFB93253AB49800D437F7 /* wmp-sample.app */ = {isa = PBXFileReference; explicitFileType = wrapper.application; includeInIndex = 0; path = "wmp-sample.app"; sourceTree = BUILT_PRODUCTS_DIR; };
		2D8CFB96253AB49800D437F7 /* AppDelegate.swift */ = {isa = PBXFileReference; lastKnownFileType = sourcecode.swift; path = AppDelegate.swift; sourceTree = "<group>"; };
		2D8CFB98253AB49800D437F7 /* SceneDelegate.swift */ = {isa = PBXFileReference; lastKnownFileType = sourcecode.swift; path = SceneDelegate.swift; sourceTree = "<group>"; };
		2D8CFB9A253AB49800D437F7 /* ViewController.swift */ = {isa = PBXFileReference; lastKnownFileType = sourcecode.swift; path = ViewController.swift; sourceTree = "<group>"; };
		2D8CFB9D253AB49800D437F7 /* Base */ = {isa = PBXFileReference; lastKnownFileType = file.storyboard; name = Base; path = Base.lproj/Main.storyboard; sourceTree = "<group>"; };
		2D8CFB9F253AB49900D437F7 /* Assets.xcassets */ = {isa = PBXFileReference; lastKnownFileType = folder.assetcatalog; path = Assets.xcassets; sourceTree = "<group>"; };
		2D8CFBA2253AB49900D437F7 /* Base */ = {isa = PBXFileReference; lastKnownFileType = file.storyboard; name = Base; path = Base.lproj/LaunchScreen.storyboard; sourceTree = "<group>"; };
		2D8CFBA4253AB49900D437F7 /* Info.plist */ = {isa = PBXFileReference; lastKnownFileType = text.plist.xml; path = Info.plist; sourceTree = "<group>"; };
		2D8CFBAD253AE22400D437F7 /* APIClient.swift */ = {isa = PBXFileReference; lastKnownFileType = sourcecode.swift; path = APIClient.swift; sourceTree = "<group>"; };
		2D8CFBAF253AE23600D437F7 /* APIRequest.swift */ = {isa = PBXFileReference; lastKnownFileType = sourcecode.swift; path = APIRequest.swift; sourceTree = "<group>"; };
		2D8CFBB1253AE25200D437F7 /* AppStoreRequest.swift */ = {isa = PBXFileReference; lastKnownFileType = sourcecode.swift; path = AppStoreRequest.swift; sourceTree = "<group>"; };
		2D8CFBB4253AE69100D437F7 /* UIView.swift */ = {isa = PBXFileReference; lastKnownFileType = sourcecode.swift; path = UIView.swift; sourceTree = "<group>"; };
		2D8CFBB6253AE6A700D437F7 /* UIImageView.swift */ = {isa = PBXFileReference; lastKnownFileType = sourcecode.swift; path = UIImageView.swift; sourceTree = "<group>"; };
		2D8CFBB8253AE72B00D437F7 /* ImageCache.swift */ = {isa = PBXFileReference; lastKnownFileType = sourcecode.swift; path = ImageCache.swift; sourceTree = "<group>"; };
		2D8CFBBA253AE85A00D437F7 /* AppInfo.swift */ = {isa = PBXFileReference; lastKnownFileType = sourcecode.swift; path = AppInfo.swift; sourceTree = "<group>"; };
		2D8CFBBF253AEE1B00D437F7 /* AppStoreViewModel.swift */ = {isa = PBXFileReference; lastKnownFileType = sourcecode.swift; path = AppStoreViewModel.swift; sourceTree = "<group>"; };
		2D8CFBC1253AF07900D437F7 /* AppInfoCell.swift */ = {isa = PBXFileReference; lastKnownFileType = sourcecode.swift; path = AppInfoCell.swift; sourceTree = "<group>"; };
/* End PBXFileReference section */

/* Begin PBXFrameworksBuildPhase section */
		2D8CFB90253AB49800D437F7 /* Frameworks */ = {
			isa = PBXFrameworksBuildPhase;
			buildActionMask = 2147483647;
			files = (
			);
			runOnlyForDeploymentPostprocessing = 0;
		};
/* End PBXFrameworksBuildPhase section */

/* Begin PBXGroup section */
		2D8CFB8A253AB49800D437F7 = {
			isa = PBXGroup;
			children = (
				2D8CFB95253AB49800D437F7 /* wmp-sample */,
				2D8CFB94253AB49800D437F7 /* Products */,
				C87D03DD57919260E7B12F5A /* Pods */,
			);
			sourceTree = "<group>";
		};
		2D8CFB94253AB49800D437F7 /* Products */ = {
			isa = PBXGroup;
			children = (
				2D8CFB93253AB49800D437F7 /* wmp-sample.app */,
			);
			name = Products;
			sourceTree = "<group>";
		};
		2D8CFB95253AB49800D437F7 /* wmp-sample */ = {
			isa = PBXGroup;
			children = (
				2D8CFBAB253AB5EB00D437F7 /* Cell */,
				2D8CFBAA253AB5DB00D437F7 /* Entity */,
				2D8CFBAC253AB5FD00D437F7 /* Networking */,
				2D8CFBB3253AE67800D437F7 /* UIExtension */,
				2D8CFBBE253AEC1900D437F7 /* ViewModel */,
				2D8CFB96253AB49800D437F7 /* AppDelegate.swift */,
				2D8CFB98253AB49800D437F7 /* SceneDelegate.swift */,
				2D8CFB9A253AB49800D437F7 /* ViewController.swift */,
				2D8CFBBD253AE95900D437F7 /* Supporting Files */,
			);
			path = "wmp-sample";
			sourceTree = "<group>";
		};
		2D8CFBAA253AB5DB00D437F7 /* Entity */ = {
			isa = PBXGroup;
			children = (
				2D8CFBBA253AE85A00D437F7 /* AppInfo.swift */,
			);
			path = Entity;
			sourceTree = "<group>";
		};
		2D8CFBAB253AB5EB00D437F7 /* Cell */ = {
			isa = PBXGroup;
			children = (
				2D8CFBC1253AF07900D437F7 /* AppInfoCell.swift */,
			);
			path = Cell;
			sourceTree = "<group>";
		};
		2D8CFBAC253AB5FD00D437F7 /* Networking */ = {
			isa = PBXGroup;
			children = (
				2D8CFBAD253AE22400D437F7 /* APIClient.swift */,
				2D8CFBAF253AE23600D437F7 /* APIRequest.swift */,
				2D8CFBB1253AE25200D437F7 /* AppStoreRequest.swift */,
				2D8CFBB8253AE72B00D437F7 /* ImageCache.swift */,
			);
			path = Networking;
			sourceTree = "<group>";
		};
		2D8CFBB3253AE67800D437F7 /* UIExtension */ = {
			isa = PBXGroup;
			children = (
				2D8CFBB4253AE69100D437F7 /* UIView.swift */,
				2D8CFBB6253AE6A700D437F7 /* UIImageView.swift */,
			);
			path = UIExtension;
			sourceTree = "<group>";
		};
		2D8CFBBD253AE95900D437F7 /* Supporting Files */ = {
			isa = PBXGroup;
			children = (
				2D8CFB9C253AB49800D437F7 /* Main.storyboard */,
				2D8CFB9F253AB49900D437F7 /* Assets.xcassets */,
				2D8CFBA1253AB49900D437F7 /* LaunchScreen.storyboard */,
				2D8CFBA4253AB49900D437F7 /* Info.plist */,
			);
			name = "Supporting Files";
			sourceTree = "<group>";
		};
		2D8CFBBE253AEC1900D437F7 /* ViewModel */ = {
			isa = PBXGroup;
			children = (
				2D8CFBBF253AEE1B00D437F7 /* AppStoreViewModel.swift */,
			);
			path = ViewModel;
			sourceTree = "<group>";
		};
		C87D03DD57919260E7B12F5A /* Pods */ = {
			isa = PBXGroup;
			children = (
			);
			path = Pods;
			sourceTree = "<group>";
		};
/* End PBXGroup section */

/* Begin PBXNativeTarget section */
		2D8CFB92253AB49800D437F7 /* wmp-sample */ = {
			isa = PBXNativeTarget;
			buildConfigurationList = 2D8CFBA7253AB49900D437F7 /* Build configuration list for PBXNativeTarget "wmp-sample" */;
			buildPhases = (
				2D8CFB8F253AB49800D437F7 /* Sources */,
				2D8CFB90253AB49800D437F7 /* Frameworks */,
				2D8CFB91253AB49800D437F7 /* Resources */,
			);
			buildRules = (
			);
			dependencies = (
			);
			name = "wmp-sample";
			productName = "wmp-sample";
			productReference = 2D8CFB93253AB49800D437F7 /* wmp-sample.app */;
			productType = "com.apple.product-type.application";
		};
/* End PBXNativeTarget section */

/* Begin PBXProject section */
		2D8CFB8B253AB49800D437F7 /* Project object */ = {
			isa = PBXProject;
			attributes = {
				LastSwiftUpdateCheck = 1160;
				LastUpgradeCheck = 1160;
				ORGANIZATIONNAME = "Yun Ha";
				TargetAttributes = {
					2D8CFB92253AB49800D437F7 = {
						CreatedOnToolsVersion = 11.6;
					};
				};
			};
			buildConfigurationList = 2D8CFB8E253AB49800D437F7 /* Build configuration list for PBXProject "wmp-sample" */;
			compatibilityVersion = "Xcode 9.3";
			developmentRegion = en;
			hasScannedForEncodings = 0;
			knownRegions = (
				en,
				Base,
			);
			mainGroup = 2D8CFB8A253AB49800D437F7;
			productRefGroup = 2D8CFB94253AB49800D437F7 /* Products */;
			projectDirPath = "";
			projectRoot = "";
			targets = (
				2D8CFB92253AB49800D437F7 /* wmp-sample */,
			);
		};
/* End PBXProject section */

/* Begin PBXResourcesBuildPhase section */
		2D8CFB91253AB49800D437F7 /* Resources */ = {
			isa = PBXResourcesBuildPhase;
			buildActionMask = 2147483647;
			files = (
				2D8CFBA3253AB49900D437F7 /* LaunchScreen.storyboard in Resources */,
				2D8CFBA0253AB49900D437F7 /* Assets.xcassets in Resources */,
				2D8CFB9E253AB49800D437F7 /* Main.storyboard in Resources */,
			);
			runOnlyForDeploymentPostprocessing = 0;
		};
/* End PBXResourcesBuildPhase section */

/* Begin PBXSourcesBuildPhase section */
		2D8CFB8F253AB49800D437F7 /* Sources */ = {
			isa = PBXSourcesBuildPhase;
			buildActionMask = 2147483647;
			files = (
				2D8CFBB7253AE6A700D437F7 /* UIImageView.swift in Sources */,
				2D8CFBBB253AE85A00D437F7 /* AppInfo.swift in Sources */,
				2D8CFBC0253AEE1B00D437F7 /* AppStoreViewModel.swift in Sources */,
				2D8CFB9B253AB49800D437F7 /* ViewController.swift in Sources */,
				2D8CFB97253AB49800D437F7 /* AppDelegate.swift in Sources */,
				2D8CFBC2253AF07900D437F7 /* AppInfoCell.swift in Sources */,
				2D8CFBB9253AE72B00D437F7 /* ImageCache.swift in Sources */,
				2D8CFB99253AB49800D437F7 /* SceneDelegate.swift in Sources */,
				2D8CFBB5253AE69100D437F7 /* UIView.swift in Sources */,
				2D8CFBB0253AE23600D437F7 /* APIRequest.swift in Sources */,
				2D8CFBAE253AE22400D437F7 /* APIClient.swift in Sources */,
				2D8CFBB2253AE25200D437F7 /* AppStoreRequest.swift in Sources */,
			);
			runOnlyForDeploymentPostprocessing = 0;
		};
/* End PBXSourcesBuildPhase section */

/* Begin PBXVariantGroup section */
		2D8CFB9C253AB49800D437F7 /* Main.storyboard */ = {
			isa = PBXVariantGroup;
			children = (
				2D8CFB9D253AB49800D437F7 /* Base */,
			);
			name = Main.storyboard;
			sourceTree = "<group>";
		};
		2D8CFBA1253AB49900D437F7 /* LaunchScreen.storyboard */ = {
			isa = PBXVariantGroup;
			children = (
				2D8CFBA2253AB49900D437F7 /* Base */,
			);
			name = LaunchScreen.storyboard;
			sourceTree = "<group>";
		};
/* End PBXVariantGroup section */

/* Begin XCBuildConfiguration section */
		2D8CFBA5253AB49900D437F7 /* Debug */ = {
			isa = XCBuildConfiguration;
			buildSettings = {
				ALWAYS_SEARCH_USER_PATHS = NO;
				CLANG_ANALYZER_NONNULL = YES;
				CLANG_ANALYZER_NUMBER_OBJECT_CONVERSION = YES_AGGRESSIVE;
				CLANG_CXX_LANGUAGE_STANDARD = "gnu++14";
				CLANG_CXX_LIBRARY = "libc++";
				CLANG_ENABLE_MODULES = YES;
				CLANG_ENABLE_OBJC_ARC = YES;
				CLANG_ENABLE_OBJC_WEAK = YES;
				CLANG_WARN_BLOCK_CAPTURE_AUTORELEASING = YES;
				CLANG_WARN_BOOL_CONVERSION = YES;
				CLANG_WARN_COMMA = YES;
				CLANG_WARN_CONSTANT_CONVERSION = YES;
				CLANG_WARN_DEPRECATED_OBJC_IMPLEMENTATIONS = YES;
				CLANG_WARN_DIRECT_OBJC_ISA_USAGE = YES_ERROR;
				CLANG_WARN_DOCUMENTATION_COMMENTS = YES;
				CLANG_WARN_EMPTY_BODY = YES;
				CLANG_WARN_ENUM_CONVERSION = YES;
				CLANG_WARN_INFINITE_RECURSION = YES;
				CLANG_WARN_INT_CONVERSION = YES;
				CLANG_WARN_NON_LITERAL_NULL_CONVERSION = YES;
				CLANG_WARN_OBJC_IMPLICIT_RETAIN_SELF = YES;
				CLANG_WARN_OBJC_LITERAL_CONVERSION = YES;
				CLANG_WARN_OBJC_ROOT_CLASS = YES_ERROR;
				CLANG_WARN_RANGE_LOOP_ANALYSIS = YES;
				CLANG_WARN_STRICT_PROTOTYPES = YES;
				CLANG_WARN_SUSPICIOUS_MOVE = YES;
				CLANG_WARN_UNGUARDED_AVAILABILITY = YES_AGGRESSIVE;
				CLANG_WARN_UNREACHABLE_CODE = YES;
				CLANG_WARN__DUPLICATE_METHOD_MATCH = YES;
				COPY_PHASE_STRIP = NO;
				DEBUG_INFORMATION_FORMAT = dwarf;
				ENABLE_STRICT_OBJC_MSGSEND = YES;
				ENABLE_TESTABILITY = YES;
				GCC_C_LANGUAGE_STANDARD = gnu11;
				GCC_DYNAMIC_NO_PIC = NO;
				GCC_NO_COMMON_BLOCKS = YES;
				GCC_OPTIMIZATION_LEVEL = 0;
				GCC_PREPROCESSOR_DEFINITIONS = (
					"DEBUG=1",
					"$(inherited)",
				);
				GCC_WARN_64_TO_32_BIT_CONVERSION = YES;
				GCC_WARN_ABOUT_RETURN_TYPE = YES_ERROR;
				GCC_WARN_UNDECLARED_SELECTOR = YES;
				GCC_WARN_UNINITIALIZED_AUTOS = YES_AGGRESSIVE;
				GCC_WARN_UNUSED_FUNCTION = YES;
				GCC_WARN_UNUSED_VARIABLE = YES;
				IPHONEOS_DEPLOYMENT_TARGET = 13.6;
				MTL_ENABLE_DEBUG_INFO = INCLUDE_SOURCE;
				MTL_FAST_MATH = YES;
				ONLY_ACTIVE_ARCH = YES;
				SDKROOT = iphoneos;
				SWIFT_ACTIVE_COMPILATION_CONDITIONS = DEBUG;
				SWIFT_OPTIMIZATION_LEVEL = "-Onone";
			};
			name = Debug;
		};
		2D8CFBA6253AB49900D437F7 /* Release */ = {
			isa = XCBuildConfiguration;
			buildSettings = {
				ALWAYS_SEARCH_USER_PATHS = NO;
				CLANG_ANALYZER_NONNULL = YES;
				CLANG_ANALYZER_NUMBER_OBJECT_CONVERSION = YES_AGGRESSIVE;
				CLANG_CXX_LANGUAGE_STANDARD = "gnu++14";
				CLANG_CXX_LIBRARY = "libc++";
				CLANG_ENABLE_MODULES = YES;
				CLANG_ENABLE_OBJC_ARC = YES;
				CLANG_ENABLE_OBJC_WEAK = YES;
				CLANG_WARN_BLOCK_CAPTURE_AUTORELEASING = YES;
				CLANG_WARN_BOOL_CONVERSION = YES;
				CLANG_WARN_COMMA = YES;
				CLANG_WARN_CONSTANT_CONVERSION = YES;
				CLANG_WARN_DEPRECATED_OBJC_IMPLEMENTATIONS = YES;
				CLANG_WARN_DIRECT_OBJC_ISA_USAGE = YES_ERROR;
				CLANG_WARN_DOCUMENTATION_COMMENTS = YES;
				CLANG_WARN_EMPTY_BODY = YES;
				CLANG_WARN_ENUM_CONVERSION = YES;
				CLANG_WARN_INFINITE_RECURSION = YES;
				CLANG_WARN_INT_CONVERSION = YES;
				CLANG_WARN_NON_LITERAL_NULL_CONVERSION = YES;
				CLANG_WARN_OBJC_IMPLICIT_RETAIN_SELF = YES;
				CLANG_WARN_OBJC_LITERAL_CONVERSION = YES;
				CLANG_WARN_OBJC_ROOT_CLASS = YES_ERROR;
				CLANG_WARN_RANGE_LOOP_ANALYSIS = YES;
				CLANG_WARN_STRICT_PROTOTYPES = YES;
				CLANG_WARN_SUSPICIOUS_MOVE = YES;
				CLANG_WARN_UNGUARDED_AVAILABILITY = YES_AGGRESSIVE;
				CLANG_WARN_UNREACHABLE_CODE = YES;
				CLANG_WARN__DUPLICATE_METHOD_MATCH = YES;
				COPY_PHASE_STRIP = NO;
				DEBUG_INFORMATION_FORMAT = "dwarf-with-dsym";
				ENABLE_NS_ASSERTIONS = NO;
				ENABLE_STRICT_OBJC_MSGSEND = YES;
				GCC_C_LANGUAGE_STANDARD = gnu11;
				GCC_NO_COMMON_BLOCKS = YES;
				GCC_WARN_64_TO_32_BIT_CONVERSION = YES;
				GCC_WARN_ABOUT_RETURN_TYPE = YES_ERROR;
				GCC_WARN_UNDECLARED_SELECTOR = YES;
				GCC_WARN_UNINITIALIZED_AUTOS = YES_AGGRESSIVE;
				GCC_WARN_UNUSED_FUNCTION = YES;
				GCC_WARN_UNUSED_VARIABLE = YES;
				IPHONEOS_DEPLOYMENT_TARGET = 13.6;
				MTL_ENABLE_DEBUG_INFO = NO;
				MTL_FAST_MATH = YES;
				SDKROOT = iphoneos;
				SWIFT_COMPILATION_MODE = wholemodule;
				SWIFT_OPTIMIZATION_LEVEL = "-O";
				VALIDATE_PRODUCT = YES;
			};
			name = Release;
		};
		2D8CFBA8253AB49900D437F7 /* Debug */ = {
			isa = XCBuildConfiguration;
			buildSettings = {
				ASSETCATALOG_COMPILER_APPICON_NAME = AppIcon;
				CODE_SIGN_STYLE = Automatic;
				INFOPLIST_FILE = "wmp-sample/Info.plist";
				IPHONEOS_DEPLOYMENT_TARGET = 13.2;
				LD_RUNPATH_SEARCH_PATHS = (
					"$(inherited)",
					"@executable_path/Frameworks",
				);
				PRODUCT_BUNDLE_IDENTIFIER = "com.hayun-cheonjae.wmp-sample";
				PRODUCT_NAME = "$(TARGET_NAME)";
				SWIFT_VERSION = 5.0;
				TARGETED_DEVICE_FAMILY = "1,2";
			};
			name = Debug;
		};
		2D8CFBA9253AB49900D437F7 /* Release */ = {
			isa = XCBuildConfiguration;
			buildSettings = {
				ASSETCATALOG_COMPILER_APPICON_NAME = AppIcon;
				CODE_SIGN_STYLE = Automatic;
				INFOPLIST_FILE = "wmp-sample/Info.plist";
				IPHONEOS_DEPLOYMENT_TARGET = 13.2;
				LD_RUNPATH_SEARCH_PATHS = (
					"$(inherited)",
					"@executable_path/Frameworks",
				);
				PRODUCT_BUNDLE_IDENTIFIER = "com.hayun-cheonjae.wmp-sample";
				PRODUCT_NAME = "$(TARGET_NAME)";
				SWIFT_VERSION = 5.0;
				TARGETED_DEVICE_FAMILY = "1,2";
			};
			name = Release;
		};
/* End XCBuildConfiguration section */

/* Begin XCConfigurationList section */
		2D8CFB8E253AB49800D437F7 /* Build configuration list for PBXProject "wmp-sample" */ = {
			isa = XCConfigurationList;
			buildConfigurations = (
				2D8CFBA5253AB49900D437F7 /* Debug */,
				2D8CFBA6253AB49900D437F7 /* Release */,
			);
			defaultConfigurationIsVisible = 0;
			defaultConfigurationName = Release;
		};
		2D8CFBA7253AB49900D437F7 /* Build configuration list for PBXNativeTarget "wmp-sample" */ = {
			isa = XCConfigurationList;
			buildConfigurations = (
				2D8CFBA8253AB49900D437F7 /* Debug */,
				2D8CFBA9253AB49900D437F7 /* Release */,
			);
			defaultConfigurationIsVisible = 0;
			defaultConfigurationName = Release;
		};
/* End XCConfigurationList section */
	};
	rootObject = 2D8CFB8B253AB49800D437F7 /* Project object */;
}
